// !$*UTF8*$!
{
	archiveVersion = 1;
	classes = {
	};
	objectVersion = 55;
	objects = {

/* Begin PBXBuildFile section */
		0369AF892821346E003E2E99 /* WeatherViewModel.swift in Sources */ = {isa = PBXBuildFile; fileRef = 0369AF882821346E003E2E99 /* WeatherViewModel.swift */; };
		0369AF8B28213585003E2E99 /* LocationManager.swift in Sources */ = {isa = PBXBuildFile; fileRef = 0369AF8A28213585003E2E99 /* LocationManager.swift */; };
		0381026D281FA8D50073D95E /* AppDelegate.swift in Sources */ = {isa = PBXBuildFile; fileRef = 0381026C281FA8D50073D95E /* AppDelegate.swift */; };
		0381026F281FA8D50073D95E /* SceneDelegate.swift in Sources */ = {isa = PBXBuildFile; fileRef = 0381026E281FA8D50073D95E /* SceneDelegate.swift */; };
		03810271281FA8D50073D95E /* WeatherViewController.swift in Sources */ = {isa = PBXBuildFile; fileRef = 03810270281FA8D50073D95E /* WeatherViewController.swift */; };
		03810274281FA8D50073D95E /* Main.storyboard in Resources */ = {isa = PBXBuildFile; fileRef = 03810272281FA8D50073D95E /* Main.storyboard */; };
		03810276281FA8D60073D95E /* Assets.xcassets in Resources */ = {isa = PBXBuildFile; fileRef = 03810275281FA8D60073D95E /* Assets.xcassets */; };
		03810279281FA8D60073D95E /* LaunchScreen.storyboard in Resources */ = {isa = PBXBuildFile; fileRef = 03810277281FA8D60073D95E /* LaunchScreen.storyboard */; };
		03810281281FAA220073D95E /* WeatherResponse.swift in Sources */ = {isa = PBXBuildFile; fileRef = 03810280281FAA220073D95E /* WeatherResponse.swift */; };
		03810285281FB0C40073D95E /* WeatherTableViewCell.xib in Resources */ = {isa = PBXBuildFile; fileRef = 03810283281FB0C40073D95E /* WeatherTableViewCell.xib */; };
		03810286281FB0C40073D95E /* WeatherTableViewCell.swift in Sources */ = {isa = PBXBuildFile; fileRef = 03810284281FB0C40073D95E /* WeatherTableViewCell.swift */; };
		03D7F6B82822581A0073DAFE /* WeatherDetailViewController.swift in Sources */ = {isa = PBXBuildFile; fileRef = 03D7F6B72822581A0073DAFE /* WeatherDetailViewController.swift */; };
/* End PBXBuildFile section */

/* Begin PBXFileReference section */
		0369AF882821346E003E2E99 /* WeatherViewModel.swift */ = {isa = PBXFileReference; lastKnownFileType = sourcecode.swift; path = WeatherViewModel.swift; sourceTree = "<group>"; };
		0369AF8A28213585003E2E99 /* LocationManager.swift */ = {isa = PBXFileReference; lastKnownFileType = sourcecode.swift; path = LocationManager.swift; sourceTree = "<group>"; };
		03810269281FA8D50073D95E /* openWeatherApp.app */ = {isa = PBXFileReference; explicitFileType = wrapper.application; includeInIndex = 0; path = openWeatherApp.app; sourceTree = BUILT_PRODUCTS_DIR; };
		0381026C281FA8D50073D95E /* AppDelegate.swift */ = {isa = PBXFileReference; lastKnownFileType = sourcecode.swift; path = AppDelegate.swift; sourceTree = "<group>"; };
		0381026E281FA8D50073D95E /* SceneDelegate.swift */ = {isa = PBXFileReference; lastKnownFileType = sourcecode.swift; path = SceneDelegate.swift; sourceTree = "<group>"; };
		03810270281FA8D50073D95E /* WeatherViewController.swift */ = {isa = PBXFileReference; lastKnownFileType = sourcecode.swift; path = WeatherViewController.swift; sourceTree = "<group>"; };
		03810273281FA8D50073D95E /* Base */ = {isa = PBXFileReference; lastKnownFileType = file.storyboard; name = Base; path = Base.lproj/Main.storyboard; sourceTree = "<group>"; };
		03810275281FA8D60073D95E /* Assets.xcassets */ = {isa = PBXFileReference; lastKnownFileType = folder.assetcatalog; path = Assets.xcassets; sourceTree = "<group>"; };
		03810278281FA8D60073D95E /* Base */ = {isa = PBXFileReference; lastKnownFileType = file.storyboard; name = Base; path = Base.lproj/LaunchScreen.storyboard; sourceTree = "<group>"; };
		0381027A281FA8D60073D95E /* Info.plist */ = {isa = PBXFileReference; lastKnownFileType = text.plist.xml; path = Info.plist; sourceTree = "<group>"; };
		03810280281FAA220073D95E /* WeatherResponse.swift */ = {isa = PBXFileReference; lastKnownFileType = sourcecode.swift; path = WeatherResponse.swift; sourceTree = "<group>"; };
		03810283281FB0C40073D95E /* WeatherTableViewCell.xib */ = {isa = PBXFileReference; fileEncoding = 4; lastKnownFileType = file.xib; path = WeatherTableViewCell.xib; sourceTree = "<group>"; };
		03810284281FB0C40073D95E /* WeatherTableViewCell.swift */ = {isa = PBXFileReference; fileEncoding = 4; lastKnownFileType = sourcecode.swift; path = WeatherTableViewCell.swift; sourceTree = "<group>"; };
		03D7F6B72822581A0073DAFE /* WeatherDetailViewController.swift */ = {isa = PBXFileReference; lastKnownFileType = sourcecode.swift; path = WeatherDetailViewController.swift; sourceTree = "<group>"; };
/* End PBXFileReference section */

/* Begin PBXFrameworksBuildPhase section */
		03810266281FA8D50073D95E /* Frameworks */ = {
			isa = PBXFrameworksBuildPhase;
			buildActionMask = 2147483647;
			files = (
			);
			runOnlyForDeploymentPostprocessing = 0;
		};
/* End PBXFrameworksBuildPhase section */

/* Begin PBXGroup section */
		03810260281FA8D50073D95E = {
			isa = PBXGroup;
			children = (
				0381026B281FA8D50073D95E /* openWeatherApp */,
				0381026A281FA8D50073D95E /* Products */,
			);
			sourceTree = "<group>";
		};
		0381026A281FA8D50073D95E /* Products */ = {
			isa = PBXGroup;
			children = (
				03810269281FA8D50073D95E /* openWeatherApp.app */,
			);
			name = Products;
			sourceTree = "<group>";
		};
		0381026B281FA8D50073D95E /* openWeatherApp */ = {
			isa = PBXGroup;
			children = (
				0381026C281FA8D50073D95E /* AppDelegate.swift */,
				0381026E281FA8D50073D95E /* SceneDelegate.swift */,
				03810270281FA8D50073D95E /* WeatherViewController.swift */,
				03D7F6B72822581A0073DAFE /* WeatherDetailViewController.swift */,
				0369AF882821346E003E2E99 /* WeatherViewModel.swift */,
				03810280281FAA220073D95E /* WeatherResponse.swift */,
				0369AF8A28213585003E2E99 /* LocationManager.swift */,
				03810282281FB0C40073D95E /* WeatherCell */,
				03810272281FA8D50073D95E /* Main.storyboard */,
				03810275281FA8D60073D95E /* Assets.xcassets */,
				03810277281FA8D60073D95E /* LaunchScreen.storyboard */,
				0381027A281FA8D60073D95E /* Info.plist */,
			);
			path = openWeatherApp;
			sourceTree = "<group>";
		};
		03810282281FB0C40073D95E /* WeatherCell */ = {
			isa = PBXGroup;
			children = (
				03810284281FB0C40073D95E /* WeatherTableViewCell.swift */,
				03810283281FB0C40073D95E /* WeatherTableViewCell.xib */,
			);
			path = WeatherCell;
			sourceTree = "<group>";
		};
/* End PBXGroup section */

/* Begin PBXNativeTarget section */
		03810268281FA8D50073D95E /* openWeatherApp */ = {
			isa = PBXNativeTarget;
			buildConfigurationList = 0381027D281FA8D60073D95E /* Build configuration list for PBXNativeTarget "openWeatherApp" */;
			buildPhases = (
				03810265281FA8D50073D95E /* Sources */,
				03810266281FA8D50073D95E /* Frameworks */,
				03810267281FA8D50073D95E /* Resources */,
			);
			buildRules = (
			);
			dependencies = (
			);
			name = openWeatherApp;
			productName = openWeatherApp;
			productReference = 03810269281FA8D50073D95E /* openWeatherApp.app */;
			productType = "com.apple.product-type.application";
		};
/* End PBXNativeTarget section */

/* Begin PBXProject section */
		03810261281FA8D50073D95E /* Project object */ = {
			isa = PBXProject;
			attributes = {
				BuildIndependentTargetsInParallel = 1;
				LastSwiftUpdateCheck = 1310;
				LastUpgradeCheck = 1310;
				TargetAttributes = {
					03810268281FA8D50073D95E = {
						CreatedOnToolsVersion = 13.1;
					};
				};
			};
			buildConfigurationList = 03810264281FA8D50073D95E /* Build configuration list for PBXProject "openWeatherApp" */;
			compatibilityVersion = "Xcode 13.0";
			developmentRegion = en;
			hasScannedForEncodings = 0;
			knownRegions = (
				en,
				Base,
			);
			mainGroup = 03810260281FA8D50073D95E;
			productRefGroup = 0381026A281FA8D50073D95E /* Products */;
			projectDirPath = "";
			projectRoot = "";
			targets = (
				03810268281FA8D50073D95E /* openWeatherApp */,
			);
		};
/* End PBXProject section */

/* Begin PBXResourcesBuildPhase section */
		03810267281FA8D50073D95E /* Resources */ = {
			isa = PBXResourcesBuildPhase;
			buildActionMask = 2147483647;
			files = (
				03810285281FB0C40073D95E /* WeatherTableViewCell.xib in Resources */,
				03810279281FA8D60073D95E /* LaunchScreen.storyboard in Resources */,
				03810276281FA8D60073D95E /* Assets.xcassets in Resources */,
				03810274281FA8D50073D95E /* Main.storyboard in Resources */,
			);
			runOnlyForDeploymentPostprocessing = 0;
		};
/* End PBXResourcesBuildPhase section */

/* Begin PBXSourcesBuildPhase section */
		03810265281FA8D50073D95E /* Sources */ = {
			isa = PBXSourcesBuildPhase;
			buildActionMask = 2147483647;
			files = (
				0369AF892821346E003E2E99 /* WeatherViewModel.swift in Sources */,
				03810286281FB0C40073D95E /* WeatherTableViewCell.swift in Sources */,
				03D7F6B82822581A0073DAFE /* WeatherDetailViewController.swift in Sources */,
				03810271281FA8D50073D95E /* WeatherViewController.swift in Sources */,
				0369AF8B28213585003E2E99 /* LocationManager.swift in Sources */,
				0381026D281FA8D50073D95E /* AppDelegate.swift in Sources */,
				0381026F281FA8D50073D95E /* SceneDelegate.swift in Sources */,
				03810281281FAA220073D95E /* WeatherResponse.swift in Sources */,
			);
			runOnlyForDeploymentPostprocessing = 0;
		};
/* End PBXSourcesBuildPhase section */

/* Begin PBXVariantGroup section */
		03810272281FA8D50073D95E /* Main.storyboard */ = {
			isa = PBXVariantGroup;
			children = (
				03810273281FA8D50073D95E /* Base */,
			);
			name = Main.storyboard;
			sourceTree = "<group>";
		};
		03810277281FA8D60073D95E /* LaunchScreen.storyboard */ = {
			isa = PBXVariantGroup;
			children = (
				03810278281FA8D60073D95E /* Base */,
			);
			name = LaunchScreen.storyboard;
			sourceTree = "<group>";
		};
/* End PBXVariantGroup section */

/* Begin XCBuildConfiguration section */
		0381027B281FA8D60073D95E /* Debug */ = {
			isa = XCBuildConfiguration;
			buildSettings = {
				ALWAYS_SEARCH_USER_PATHS = NO;
				CLANG_ANALYZER_NONNULL = YES;
				CLANG_ANALYZER_NUMBER_OBJECT_CONVERSION = YES_AGGRESSIVE;
				CLANG_CXX_LANGUAGE_STANDARD = "gnu++17";
				CLANG_CXX_LIBRARY = "libc++";
				CLANG_ENABLE_MODULES = YES;
				CLANG_ENABLE_OBJC_ARC = YES;
				CLANG_ENABLE_OBJC_WEAK = YES;
				CLANG_WARN_BLOCK_CAPTURE_AUTORELEASING = YES;
				CLANG_WARN_BOOL_CONVERSION = YES;
				CLANG_WARN_COMMA = YES;
				CLANG_WARN_CONSTANT_CONVERSION = YES;
				CLANG_WARN_DEPRECATED_OBJC_IMPLEMENTATIONS = YES;
				CLANG_WARN_DIRECT_OBJC_ISA_USAGE = YES_ERROR;
				CLANG_WARN_DOCUMENTATION_COMMENTS = YES;
				CLANG_WARN_EMPTY_BODY = YES;
				CLANG_WARN_ENUM_CONVERSION = YES;
				CLANG_WARN_INFINITE_RECURSION = YES;
				CLANG_WARN_INT_CONVERSION = YES;
				CLANG_WARN_NON_LITERAL_NULL_CONVERSION = YES;
				CLANG_WARN_OBJC_IMPLICIT_RETAIN_SELF = YES;
				CLANG_WARN_OBJC_LITERAL_CONVERSION = YES;
				CLANG_WARN_OBJC_ROOT_CLASS = YES_ERROR;
				CLANG_WARN_QUOTED_INCLUDE_IN_FRAMEWORK_HEADER = YES;
				CLANG_WARN_RANGE_LOOP_ANALYSIS = YES;
				CLANG_WARN_STRICT_PROTOTYPES = YES;
				CLANG_WARN_SUSPICIOUS_MOVE = YES;
				CLANG_WARN_UNGUARDED_AVAILABILITY = YES_AGGRESSIVE;
				CLANG_WARN_UNREACHABLE_CODE = YES;
				CLANG_WARN__DUPLICATE_METHOD_MATCH = YES;
				COPY_PHASE_STRIP = NO;
				DEBUG_INFORMATION_FORMAT = dwarf;
				ENABLE_STRICT_OBJC_MSGSEND = YES;
				ENABLE_TESTABILITY = YES;
				GCC_C_LANGUAGE_STANDARD = gnu11;
				GCC_DYNAMIC_NO_PIC = NO;
				GCC_NO_COMMON_BLOCKS = YES;
				GCC_OPTIMIZATION_LEVEL = 0;
				GCC_PREPROCESSOR_DEFINITIONS = (
					"DEBUG=1",
					"$(inherited)",
				);
				GCC_WARN_64_TO_32_BIT_CONVERSION = YES;
				GCC_WARN_ABOUT_RETURN_TYPE = YES_ERROR;
				GCC_WARN_UNDECLARED_SELECTOR = YES;
				GCC_WARN_UNINITIALIZED_AUTOS = YES_AGGRESSIVE;
				GCC_WARN_UNUSED_FUNCTION = YES;
				GCC_WARN_UNUSED_VARIABLE = YES;
				IPHONEOS_DEPLOYMENT_TARGET = 15.0;
				MTL_ENABLE_DEBUG_INFO = INCLUDE_SOURCE;
				MTL_FAST_MATH = YES;
				ONLY_ACTIVE_ARCH = YES;
				SDKROOT = iphoneos;
				SWIFT_ACTIVE_COMPILATION_CONDITIONS = DEBUG;
				SWIFT_OPTIMIZATION_LEVEL = "-Onone";
			};
			name = Debug;
		};
		0381027C281FA8D60073D95E /* Release */ = {
			isa = XCBuildConfiguration;
			buildSettings = {
				ALWAYS_SEARCH_USER_PATHS = NO;
				CLANG_ANALYZER_NONNULL = YES;
				CLANG_ANALYZER_NUMBER_OBJECT_CONVERSION = YES_AGGRESSIVE;
				CLANG_CXX_LANGUAGE_STANDARD = "gnu++17";
				CLANG_CXX_LIBRARY = "libc++";
				CLANG_ENABLE_MODULES = YES;
				CLANG_ENABLE_OBJC_ARC = YES;
				CLANG_ENABLE_OBJC_WEAK = YES;
				CLANG_WARN_BLOCK_CAPTURE_AUTORELEASING = YES;
				CLANG_WARN_BOOL_CONVERSION = YES;
				CLANG_WARN_COMMA = YES;
				CLANG_WARN_CONSTANT_CONVERSION = YES;
				CLANG_WARN_DEPRECATED_OBJC_IMPLEMENTATIONS = YES;
				CLANG_WARN_DIRECT_OBJC_ISA_USAGE = YES_ERROR;
				CLANG_WARN_DOCUMENTATION_COMMENTS = YES;
				CLANG_WARN_EMPTY_BODY = YES;
				CLANG_WARN_ENUM_CONVERSION = YES;
				CLANG_WARN_INFINITE_RECURSION = YES;
				CLANG_WARN_INT_CONVERSION = YES;
				CLANG_WARN_NON_LITERAL_NULL_CONVERSION = YES;
				CLANG_WARN_OBJC_IMPLICIT_RETAIN_SELF = YES;
				CLANG_WARN_OBJC_LITERAL_CONVERSION = YES;
				CLANG_WARN_OBJC_ROOT_CLASS = YES_ERROR;
				CLANG_WARN_QUOTED_INCLUDE_IN_FRAMEWORK_HEADER = YES;
				CLANG_WARN_RANGE_LOOP_ANALYSIS = YES;
				CLANG_WARN_STRICT_PROTOTYPES = YES;
				CLANG_WARN_SUSPICIOUS_MOVE = YES;
				CLANG_WARN_UNGUARDED_AVAILABILITY = YES_AGGRESSIVE;
				CLANG_WARN_UNREACHABLE_CODE = YES;
				CLANG_WARN__DUPLICATE_METHOD_MATCH = YES;
				COPY_PHASE_STRIP = NO;
				DEBUG_INFORMATION_FORMAT = "dwarf-with-dsym";
				ENABLE_NS_ASSERTIONS = NO;
				ENABLE_STRICT_OBJC_MSGSEND = YES;
				GCC_C_LANGUAGE_STANDARD = gnu11;
				GCC_NO_COMMON_BLOCKS = YES;
				GCC_WARN_64_TO_32_BIT_CONVERSION = YES;
				GCC_WARN_ABOUT_RETURN_TYPE = YES_ERROR;
				GCC_WARN_UNDECLARED_SELECTOR = YES;
				GCC_WARN_UNINITIALIZED_AUTOS = YES_AGGRESSIVE;
				GCC_WARN_UNUSED_FUNCTION = YES;
				GCC_WARN_UNUSED_VARIABLE = YES;
				IPHONEOS_DEPLOYMENT_TARGET = 15.0;
				MTL_ENABLE_DEBUG_INFO = NO;
				MTL_FAST_MATH = YES;
				SDKROOT = iphoneos;
				SWIFT_COMPILATION_MODE = wholemodule;
				SWIFT_OPTIMIZATION_LEVEL = "-O";
				VALIDATE_PRODUCT = YES;
			};
			name = Release;
		};
		0381027E281FA8D60073D95E /* Debug */ = {
			isa = XCBuildConfiguration;
			buildSettings = {
				ASSETCATALOG_COMPILER_APPICON_NAME = AppIcon;
				ASSETCATALOG_COMPILER_GLOBAL_ACCENT_COLOR_NAME = AccentColor;
				CODE_SIGN_STYLE = Automatic;
				CURRENT_PROJECT_VERSION = 1;
				DEVELOPMENT_TEAM = 67LGV86T4Z;
				GENERATE_INFOPLIST_FILE = YES;
				INFOPLIST_FILE = openWeatherApp/Info.plist;
				INFOPLIST_KEY_UIApplicationSupportsIndirectInputEvents = YES;
				INFOPLIST_KEY_UILaunchStoryboardName = LaunchScreen;
				INFOPLIST_KEY_UIMainStoryboardFile = Main;
				INFOPLIST_KEY_UISupportedInterfaceOrientations_iPad = "UIInterfaceOrientationPortrait UIInterfaceOrientationPortraitUpsideDown UIInterfaceOrientationLandscapeLeft UIInterfaceOrientationLandscapeRight";
				INFOPLIST_KEY_UISupportedInterfaceOrientations_iPhone = "UIInterfaceOrientationPortrait UIInterfaceOrientationLandscapeLeft UIInterfaceOrientationLandscapeRight";
				LD_RUNPATH_SEARCH_PATHS = (
					"$(inherited)",
					"@executable_path/Frameworks",
				);
				MARKETING_VERSION = 1.0;
				PRODUCT_BUNDLE_IDENTIFIER = com.behnam.openWeatherApp;
				PRODUCT_NAME = "$(TARGET_NAME)";
				SWIFT_EMIT_LOC_STRINGS = YES;
				SWIFT_VERSION = 5.0;
				TARGETED_DEVICE_FAMILY = "1,2";
			};
			name = Debug;
		};
		0381027F281FA8D60073D95E /* Release */ = {
			isa = XCBuildConfiguration;
			buildSettings = {
				ASSETCATALOG_COMPILER_APPICON_NAME = AppIcon;
				ASSETCATALOG_COMPILER_GLOBAL_ACCENT_COLOR_NAME = AccentColor;
				CODE_SIGN_STYLE = Automatic;
				CURRENT_PROJECT_VERSION = 1;
				DEVELOPMENT_TEAM = 67LGV86T4Z;
				GENERATE_INFOPLIST_FILE = YES;
				INFOPLIST_FILE = openWeatherApp/Info.plist;
				INFOPLIST_KEY_UIApplicationSupportsIndirectInputEvents = YES;
				INFOPLIST_KEY_UILaunchStoryboardName = LaunchScreen;
				INFOPLIST_KEY_UIMainStoryboardFile = Main;
				INFOPLIST_KEY_UISupportedInterfaceOrientations_iPad = "UIInterfaceOrientationPortrait UIInterfaceOrientationPortraitUpsideDown UIInterfaceOrientationLandscapeLeft UIInterfaceOrientationLandscapeRight";
				INFOPLIST_KEY_UISupportedInterfaceOrientations_iPhone = "UIInterfaceOrientationPortrait UIInterfaceOrientationLandscapeLeft UIInterfaceOrientationLandscapeRight";
				LD_RUNPATH_SEARCH_PATHS = (
					"$(inherited)",
					"@executable_path/Frameworks",
				);
				MARKETING_VERSION = 1.0;
				PRODUCT_BUNDLE_IDENTIFIER = com.behnam.openWeatherApp;
				PRODUCT_NAME = "$(TARGET_NAME)";
				SWIFT_EMIT_LOC_STRINGS = YES;
				SWIFT_VERSION = 5.0;
				TARGETED_DEVICE_FAMILY = "1,2";
			};
			name = Release;
		};
/* End XCBuildConfiguration section */

/* Begin XCConfigurationList section */
		03810264281FA8D50073D95E /* Build configuration list for PBXProject "openWeatherApp" */ = {
			isa = XCConfigurationList;
			buildConfigurations = (
				0381027B281FA8D60073D95E /* Debug */,
				0381027C281FA8D60073D95E /* Release */,
			);
			defaultConfigurationIsVisible = 0;
			defaultConfigurationName = Release;
		};
		0381027D281FA8D60073D95E /* Build configuration list for PBXNativeTarget "openWeatherApp" */ = {
			isa = XCConfigurationList;
			buildConfigurations = (
				0381027E281FA8D60073D95E /* Debug */,
				0381027F281FA8D60073D95E /* Release */,
			);
			defaultConfigurationIsVisible = 0;
			defaultConfigurationName = Release;
		};
/* End XCConfigurationList section */
	};
	rootObject = 03810261281FA8D50073D95E /* Project object */;
}
